
Microsoft Visual Studio Solution File, Format Version 12.00
# Visual Studio Version 16
VisualStudioVersion = 16.0.30114.105
MinimumVisualStudioVersion = 10.0.40219.1
Project("{FAE04EC0-301F-11D3-BF4B-00C04F79EFBC}") = "StarTrekCardMaker", "StarTrekCardMaker\\StarTrekCardMaker.csproj", "{8C56815C-C0D6-40B6-B283-9AE6B03672AA}"
EndProject
Global
	GlobalSection(SolutionConfigurationPlatforms) = preSolution
		Debug|Any CPU = Debug|Any CPU
		Release|Any CPU = Release|Any CPU
	EndGlobalSection
	GlobalSection(ProjectConfigurationPlatforms) = postSolution
		{8C56815C-C0D6-40B6-B283-9AE6B03672AA}.Debug|Any CPU.ActiveCfg = Debug|Any CPU
		{8C56815C-C0D6-40B6-B283-9AE6B03672AA}.Debug|Any CPU.Build.0 = Debug|Any CPU
		{8C56815C-C0D6-40B6-B283-9AE6B03672AA}.Release|Any CPU.ActiveCfg = Release|Any CPU
		{8C56815C-C0D6-40B6-B283-9AE6B03672AA}.Release|Any CPU.Build.0 = Release|Any CPU
	EndGlobalSection
	GlobalSection(SolutionProperties) = preSolution
		HideSolutionNode = FALSE
	EndGlobalSection
	GlobalSection(ExtensibilityGlobals) = postSolution
		SolutionGuid = {F90B0EA1-2F1B-4918-BB42-F32B93E133AC}
	EndGlobalSection
EndGlobal
